
Microsoft Visual Studio Solution File, Format Version 12.00
# Visual Studio Version 17
VisualStudioVersion = 17.7.34009.444
MinimumVisualStudioVersion = 10.0.40219.1
Project("{FAE04EC0-301F-11D3-BF4B-00C04F79EFBC}") = "AgileCourseAssignment.Server", "AgileCourseAssignment\Server\AgileCourseAssignment.Server.csproj", "{398E1C4E-A8D0-41DC-9A00-A76EAD891CBA}"
EndProject
Project("{FAE04EC0-301F-11D3-BF4B-00C04F79EFBC}") = "AgileCourseAssignment.Client", "AgileCourseAssignment\Client\AgileCourseAssignment.Client.csproj", "{52161ADC-83A2-4963-9AD5-AD88231CA848}"
EndProject
Project("{FAE04EC0-301F-11D3-BF4B-00C04F79EFBC}") = "AgileCourseAssignment.Shared", "AgileCourseAssignment\Shared\AgileCourseAssignment.Shared.csproj", "{E8D79DA6-CC6A-4C82-947A-6C341D55CF5E}"
EndProject
Global
	GlobalSection(SolutionConfigurationPlatforms) = preSolution
		Debug|Any CPU = Debug|Any CPU
		Release|Any CPU = Release|Any CPU
	EndGlobalSection
	GlobalSection(ProjectConfigurationPlatforms) = postSolution
		{398E1C4E-A8D0-41DC-9A00-A76EAD891CBA}.Debug|Any CPU.ActiveCfg = Debug|Any CPU
		{398E1C4E-A8D0-41DC-9A00-A76EAD891CBA}.Debug|Any CPU.Build.0 = Debug|Any CPU
		{398E1C4E-A8D0-41DC-9A00-A76EAD891CBA}.Release|Any CPU.ActiveCfg = Release|Any CPU
		{398E1C4E-A8D0-41DC-9A00-A76EAD891CBA}.Release|Any CPU.Build.0 = Release|Any CPU
		{52161ADC-83A2-4963-9AD5-AD88231CA848}.Debug|Any CPU.ActiveCfg = Debug|Any CPU
		{52161ADC-83A2-4963-9AD5-AD88231CA848}.Debug|Any CPU.Build.0 = Debug|Any CPU
		{52161ADC-83A2-4963-9AD5-AD88231CA848}.Release|Any CPU.ActiveCfg = Release|Any CPU
		{52161ADC-83A2-4963-9AD5-AD88231CA848}.Release|Any CPU.Build.0 = Release|Any CPU
		{E8D79DA6-CC6A-4C82-947A-6C341D55CF5E}.Debug|Any CPU.ActiveCfg = Debug|Any CPU
		{E8D79DA6-CC6A-4C82-947A-6C341D55CF5E}.Debug|Any CPU.Build.0 = Debug|Any CPU
		{E8D79DA6-CC6A-4C82-947A-6C341D55CF5E}.Release|Any CPU.ActiveCfg = Release|Any CPU
		{E8D79DA6-CC6A-4C82-947A-6C341D55CF5E}.Release|Any CPU.Build.0 = Release|Any CPU
	EndGlobalSection
	GlobalSection(SolutionProperties) = preSolution
		HideSolutionNode = FALSE
	EndGlobalSection
	GlobalSection(ExtensibilityGlobals) = postSolution
		SolutionGuid = {9C0D56AA-4354-48D9-9DFD-CEAAE1D7065A}
	EndGlobalSection
EndGlobal
